
Microsoft Visual Studio Solution File, Format Version 12.00
# Visual Studio Version 17
VisualStudioVersion = 17.1.32319.34
MinimumVisualStudioVersion = 10.0.40219.1
Project("{9A19103F-16F7-4668-BE54-9A1E7A4F7556}") = "Simon says", "Simon says\Simon says.csproj", "{5C30595C-50CF-4F2E-8752-AED30F3ADD0C}"
EndProject
Global
	GlobalSection(SolutionConfigurationPlatforms) = preSolution
		Debug|Any CPU = Debug|Any CPU
		Debug|x64 = Debug|x64
		Release|Any CPU = Release|Any CPU
		Release|x64 = Release|x64
	EndGlobalSection
	GlobalSection(ProjectConfigurationPlatforms) = postSolution
		{5C30595C-50CF-4F2E-8752-AED30F3ADD0C}.Debug|Any CPU.ActiveCfg = Debug|Any CPU
		{5C30595C-50CF-4F2E-8752-AED30F3ADD0C}.Debug|Any CPU.Build.0 = Debug|Any CPU
		{5C30595C-50CF-4F2E-8752-AED30F3ADD0C}.Debug|x64.ActiveCfg = Debug|Any CPU
		{5C30595C-50CF-4F2E-8752-AED30F3ADD0C}.Debug|x64.Build.0 = Debug|Any CPU
		{5C30595C-50CF-4F2E-8752-AED30F3ADD0C}.Release|Any CPU.ActiveCfg = Release|Any CPU
		{5C30595C-50CF-4F2E-8752-AED30F3ADD0C}.Release|Any CPU.Build.0 = Release|Any CPU
		{5C30595C-50CF-4F2E-8752-AED30F3ADD0C}.Release|x64.ActiveCfg = Release|x64
		{5C30595C-50CF-4F2E-8752-AED30F3ADD0C}.Release|x64.Build.0 = Release|x64
	EndGlobalSection
	GlobalSection(SolutionProperties) = preSolution
		HideSolutionNode = FALSE
	EndGlobalSection
	GlobalSection(ExtensibilityGlobals) = postSolution
		SolutionGuid = {40419CDD-340C-46C1-950F-E4CCE610DD2C}
	EndGlobalSection
EndGlobal
